
Microsoft Visual Studio Solution File, Format Version 12.00
# Visual Studio 15
VisualStudioVersion = 15.0.27703.2047
MinimumVisualStudioVersion = 10.0.40219.1
Project("{FAE04EC0-301F-11D3-BF4B-00C04F79EFBC}") = "project_Sportdag", "project_Sportdag\project_Sportdag.csproj", "{BA97CDBA-DCAC-4C29-8F42-59B02D0DB3DD}"
EndProject
Global
	GlobalSection(SolutionConfigurationPlatforms) = preSolution
		Debug|Any CPU = Debug|Any CPU
		Release|Any CPU = Release|Any CPU
	EndGlobalSection
	GlobalSection(ProjectConfigurationPlatforms) = postSolution
		{BA97CDBA-DCAC-4C29-8F42-59B02D0DB3DD}.Debug|Any CPU.ActiveCfg = Debug|Any CPU
		{BA97CDBA-DCAC-4C29-8F42-59B02D0DB3DD}.Debug|Any CPU.Build.0 = Debug|Any CPU
		{BA97CDBA-DCAC-4C29-8F42-59B02D0DB3DD}.Release|Any CPU.ActiveCfg = Release|Any CPU
		{BA97CDBA-DCAC-4C29-8F42-59B02D0DB3DD}.Release|Any CPU.Build.0 = Release|Any CPU
	EndGlobalSection
	GlobalSection(SolutionProperties) = preSolution
		HideSolutionNode = FALSE
	EndGlobalSection
	GlobalSection(ExtensibilityGlobals) = postSolution
		SolutionGuid = {222F691D-E37E-4F94-9512-4D0DBDDB71D5}
	EndGlobalSection
EndGlobal
